[[package]]
category = "dev"
description = "Disable App Nap on OS X 10.9"
name = "appnope"
optional = false
platform = "UNKNOWN"
python-versions = "*"
version = "0.1.0"

[package.requirements]
platform = "darwin"

[[package]]
category = "dev"
description = "Specifications for callback functions passed in to an API"
name = "backcall"
optional = false
platform = "UNKNOWN"
python-versions = "*"
version = "0.1.0"

[[package]]
category = "main"
description = "Composable command line interface toolkit"
name = "click"
optional = false
platform = "*"
python-versions = ">=2.7, !=3.0.*, !=3.1.*, !=3.2.*, !=3.3.*"
version = "7.0"

[[package]]
category = "dev"
description = "Cross-platform colored terminal text."
name = "colorama"
optional = false
platform = "*"
python-versions = ">=2.7, !=3.0.*, !=3.1.*, !=3.2.*, !=3.3.*"
version = "0.4.0"

[package.requirements]
platform = "win32"

[[package]]
category = "main"
description = "The Cython compiler for writing C extensions for the Python language."
name = "cython"
optional = false
platform = "*"
python-versions = ">=2.6, !=3.0.*, !=3.1.*, !=3.2.*"
version = "0.28.5"

[[package]]
category = "main"
description = "Better living through Python with decorators"
name = "decorator"
optional = false
platform = "All"
python-versions = "*"
version = "4.3.0"

[[package]]
category = "main"
description = "serialize all of python"
name = "dill"
optional = false
platform = "Linux"
python-versions = "*"
version = "0.2.8.2"

[[package]]
category = "main"
description = "Simple and stupid library for strictly geometric (geom) operations (zero-knowledge of topology) common to computational biology and chemistry macromolecules (mm)."
name = "geomm"
optional = false
platform = "*"
python-versions = ">=3.6,<3.7"
version = "0.1.2"

[package.dependencies]
Cython = ">=0.28.5,<0.29.0"
numpy = ">=1.15,<2.0"
scipy = ">=1.1,<2.0"

[[package]]
category = "main"
description = "Read and write HDF5 files from Python"
name = "h5py"
optional = false
platform = "*"
python-versions = "*"
version = "2.8.0"

[package.dependencies]
numpy = ">=1.7"
six = "*"

[[package]]
category = "dev"
description = "IPython-enabled pdb"
name = "ipdb"
optional = false
platform = "*"
python-versions = ">=2.7"
version = "0.11"

[package.dependencies]
setuptools = "*"

[package.dependencies.ipython]
python = ">=3.3"
version = ">=5.0.0"

[[package]]
category = "dev"
description = "IPython: Productive Interactive Computing"
name = "ipython"
optional = false
platform = "Linux"
python-versions = ">=3.5"
version = "7.0.1"

[package.dependencies]
backcall = "*"
decorator = "*"
jedi = ">=0.10"
pickleshare = "*"
prompt-toolkit = ">=2.0.0,<2.1.0"
pygments = "*"
setuptools = ">=18.5"
simplegeneric = ">0.8"
traitlets = ">=4.2"

[package.dependencies.appnope]
platform = "darwin"
version = "*"

[package.dependencies.colorama]
platform = "win32"
version = "*"

[package.dependencies.pexpect]
platform = "!=win32"
version = "*"

[[package]]
category = "dev"
description = "Vestigial utilities from IPython"
name = "ipython-genutils"
optional = false
platform = "Linux"
python-versions = "*"
version = "0.2.0"

[[package]]
category = "dev"
description = "An autocompletion tool for Python that can be used for text editors."
name = "jedi"
optional = false
platform = "any"
python-versions = ">=2.7, !=3.0.*, !=3.1.*, !=3.2.*, !=3.3.*"
version = "0.13.1"

[package.dependencies]
parso = ">=0.3.0"

[[package]]
category = "dev"
description = "MDTraj: A modern, open library for the analysis of molecular dynamics trajectories"
name = "mdtraj"
optional = true
platform = "Linux"
python-versions = "*"
version = "1.9.2"

[[package]]
category = "main"
description = "Python package for creating and manipulating graphs and networks"
name = "networkx"
optional = false
platform = "Linux"
python-versions = "*"
version = "2.2"

[package.dependencies]
decorator = ">=4.3.0"

[[package]]
category = "main"
description = "NumPy: array processing for numbers, strings, records, and objects."
name = "numpy"
optional = false
platform = "Windows"
python-versions = ">=2.7,!=3.0.*,!=3.1.*,!=3.2.*,!=3.3.*"
version = "1.15.2"

[[package]]
category = "main"
description = "Powerful data structures for data analysis, time series, and statistics"
name = "pandas"
optional = false
platform = "any"
python-versions = ">=2.7,!=3.0.*,!=3.1.*,!=3.2.*,!=3.3.*,!=3.4.*"
version = "0.23.4"

[package.dependencies]
numpy = ">=1.9.0"
python-dateutil = ">=2.5.0"
pytz = ">=2011k"

[[package]]
category = "dev"
description = "A Python Parser"
name = "parso"
optional = false
platform = "any"
python-versions = "*"
version = "0.3.1"

[[package]]
category = "dev"
description = "Pexpect allows easy control of interactive console applications."
name = "pexpect"
optional = false
platform = "UNIX"
python-versions = "*"
version = "4.6.0"

[package.dependencies]
ptyprocess = ">=0.5"

[package.requirements]
platform = "!=win32"

[[package]]
category = "dev"
description = "Tiny 'shelve'-like database with concurrency support"
name = "pickleshare"
optional = false
platform = "*"
python-versions = "*"
version = "0.7.5"

[[package]]
category = "dev"
description = "Library for building powerful interactive command lines in Python"
name = "prompt-toolkit"
optional = false
platform = "*"
python-versions = "*"
version = "2.0.5"

[package.dependencies]
six = ">=1.9.0"
wcwidth = "*"

[[package]]
category = "dev"
description = "Run a subprocess in a pseudo terminal"
name = "ptyprocess"
optional = false
platform = "*"
python-versions = "*"
version = "0.6.0"

[package.requirements]
platform = "!=win32"

[[package]]
category = "dev"
description = "Pygments is a syntax highlighting package written in Python."
name = "pygments"
optional = false
platform = "any"
python-versions = "*"
version = "2.2.0"

[[package]]
category = "main"
description = "Extensions to the standard Python datetime module"
name = "python-dateutil"
optional = false
platform = "*"
python-versions = ">=2.7, !=3.0.*, !=3.1.*, !=3.2.*"
version = "2.7.3"

[package.dependencies]
six = ">=1.5"

[[package]]
category = "main"
description = "World timezone definitions, modern and historical"
name = "pytz"
optional = false
platform = "Independent"
python-versions = "*"
version = "2018.5"

[[package]]
category = "main"
description = "SciPy: Scientific Library for Python"
name = "scipy"
optional = false
platform = "Windows"
python-versions = ">=2.7,!=3.0.*,!=3.1.*,!=3.2.*,!=3.3.*"
version = "1.1.0"

[package.dependencies]
numpy = ">=1.8.2"

[[package]]
category = "dev"
description = "Simple generic functions (similar to Python's own len(), pickle.dump(), etc.)"
name = "simplegeneric"
optional = false
platform = "UNKNOWN"
python-versions = "*"
version = "0.8.1"

[[package]]
category = "main"
description = "Python 2 and 3 compatibility utilities"
name = "six"
optional = false
platform = "*"
python-versions = "*"
version = "1.11.0"

[[package]]
category = "dev"
description = "Traitlets Python config system"
name = "traitlets"
optional = false
platform = "Linux,Mac OS X,Windows"
python-versions = "*"
version = "4.3.2"

[package.dependencies]
decorator = "*"
ipython-genutils = "*"
six = "*"

[[package]]
category = "dev"
description = "Measures number of Terminal column cells of wide-character codes"
name = "wcwidth"
optional = false
platform = "UNKNOWN"
python-versions = "*"
version = "0.1.7"

[metadata]
content-hash = "0e469ea3e9efd109b547e022118a0a2a8c322c80fbc495843ffb15484915d955"
platform = "*"
python-versions = "3.6"

[metadata.hashes]
appnope = ["5b26757dc6f79a3b7dc9fab95359328d5747fcb2409d331ea66d0272b90ab2a0", "8b995ffe925347a2138d7ac0fe77155e4311a0ea6d6da4f5128fe4b3cbe5ed71"]
backcall = ["38ecd85be2c1e78f77fd91700c76e14667dc21e2713b63876c0eb901196e01e4", "bbbf4b1e5cd2bdb08f915895b51081c041bac22394fdfcfdfbe9f14b77c08bf2"]
click = ["2335065e6395b9e67ca716de5f7526736bfa6ceead690adf616d925bdc622b13", "5b94b49521f6456670fdb30cd82a4eca9412788a93fa6dd6df72c94d5a8ff2d7"]
colorama = ["a3d89af5db9e9806a779a50296b5fdb466e281147c2c235e8225ecc6dbf7bbf3", "c9b54bebe91a6a803e0772c8561d53f2926bfeb17cd141fbabcb08424086595c"]
cython = ["022592d419fc754509d0e0461eb2958dbaa45fb60d51c8a61778c58994edbe36", "07659f4c57582104d9486c071de512fbd7e087a3a630535298442cc0e20a3f5a", "13c73e2ffa93a615851e03fad97591954d143b5b62361b9adef81f46a31cd8ef", "13eab5a2835a84ff62db343035603044c908d2b3b6eec09d67fdf9970acf7ac9", "183b35a48f58862c4ec1e821f07bb7b1156c8c8559c85c32ae086f28947474eb", "2f526b0887128bf20ab2acc905a975f62b5a04ab2f63ecbe5a30fc28285d0e0c", "32de8637f5e6c5a76667bc7c8fc644bd9314dc19af36db8ce30a0b92ada0f642", "4172c183ef4fb2ace6a29cdf7fc9200c5a471a7f775ff691975b774bd9ed3ad2", "553956ec06ecbd731ef0c538eb28a5b46bedea7ab89b18237ff28b4b99d65eee", "660eeb6870687fd3eda91e00ba4e72220545c254c8c4d967fd0c910f4fbb8cbc", "693a8619ef066ece055ed065a15cf440f9d3ebd1bca60e87ea19144833756433", "759c799e9ef418f163b5412e295e14c0a48fe3b4dcba9ab8aab69e9f511cfefd", "827d3a91b7a7c31ce69e5974496fd9a8ba28eb498b988affb66d0d30de11d934", "87e57b5d730cfab225d95e7b23abbc0c6f77598bd66639e93c73ce8afbae6f38", "9400e5db8383346b0694a3e794d8bded18a27b21123516dcdf4b79d7ec28e98b", "9ec27681c5b1b457aacb1cbda5db04aa28b76da2af6e1e1fd15f233eafe6a0b0", "ae4784f040a3313c8bd00c8d04934b7ade63dc59692d8f00a5235be8ed72a445", "b2ba8310ebd3c0e0b884d5e95bbd99d467d6af922acd1e44fe4b819839b2150e", "b64575241f64f6ec005a4d4137339fb0ba5e156e826db2fdb5f458060d9979e0", "c78ad0df75a9fc03ab28ca1b950c893a208c451a18f76796c3e25817d6994001", "cdbb917e41220bd3812234dbe59d15391adbc2c5d91ae11a5273aab9e32ba7ec", "d2223a80c623e2a8e97953ab945dfaa9385750a494438dcb55562eb1ddd9565a", "e22f21cf92a9f8f007a280e3b3462c886d9068132a6c698dec10ad6125e3ca1e", "ea5c16c48e561f4a6f6b8c24807494b77a79e156b8133521c400f22ca712101b", "ee7a9614d51fe16e32ca5befe72e0808baff481791728449d0b17c8b0fe29eb9", "ef86de9299e4ab2ebb129fb84b886bf40b9aced9807c6d6d5f28b46fb905f82c", "f3e4860f5458a9875caa3de65e255720c0ed2ce71f0bcdab02497b32104f9db8", "fc6c20a8ac22202a779ad4c59756647be0826993d2151a03c015e76d2368ae5f"]
decorator = ["2c51dff8ef3c447388fe5e4453d24a2bf128d3a4c32af3fabef1f01c6851ab82", "c39efa13fbdeb4506c476c9b3babf6a718da943dab7811c206005a4a956c080c"]
dill = ["624dc244b94371bb2d6e7f40084228a2edfff02373fe20e018bef1ee92fdd5b3"]
geomm = ["91fa80fd3d6ea7f9627d7371bed9e238ffed97b203ff244b1263196859f20871"]
h5py = ["0f8cd2acbacf3177b4427ed42639c911667b1f24d923388ab1f8ad466a12be5e", "11277e3879098f921ee9e29105b20591e1dfdd44963357399f2abaa1a280c560", "1241dec0c94ac32f3285cac1d6f44beabf80423e422ab03bd2686d731a8a9294", "17b8187de0b3a945d8e8d031e7eb6ece2fce90791f9c5fde36f4396bf38fdde1", "2f30007d0796788a454c1293262f19f25e6428317d3d386f78138fba2a44e37d", "308e0758587ee16d4e73e7f2f8aae8351091e343bf0a43d2f697f9535465c816", "37cacddf0e8209905f52537a8cf71da0dd9a4de62bd79247274c97b24a408997", "38a23bb599748adf23d77f74885c0de6f4a7d9baa42f74e476bbf90fba2b47dd", "47ab18b7b7bbc36fd2b606289b703b6f0ee915b923d6ad94dd17ac80ebffc280", "486c78330af0bf33f5077b51d1888c0739c3cd1a03d5aade0d48572b3b5690ca", "4e2183458d6ef1ae87dfb5d6acd0786359336cd9ac0ece6396c09b59fdaa3bd6", "51d0595c3e58814c831f6cd2b664a5bf9590e26262c1d541b380d041e4fcb3c0", "56d259d56822b70881760b243957f04a0cf133f0ec65eae6a33f562826aee899", "5e6e777653169a3cc24ea56bb3d8c845ea391f8914c35bb6f350b0753a52891c", "62bfb0ebb0f59e5dccc0b0dbbc0fc40dd1d1e09d04c0dc71f89790231531d4a2", "67d89b64debfa021b54aa6f24bbf008403bd144748a0148596b518bce80d2fc4", "6bf38571f555fa214493ec6349d29024cc5f313bf1715b09f236c553fd22ae4d", "9214ca445c18a37bfe9c165982c0e317e2f21f035c8d635d1c6d9fcbaf35b7a8", "ab0c52850428d2e86029935389379c2c97f752e76b616da851deec8a4484f8ec", "b2eff336697d8dfd712c5d93fef9f4e4d3e97d9d8c258801836b8664a239e07a", "bb33fabc0b8f3fe3bb0f8d6821b2fad5b2a64c27a0808e8d1c5c1e3362062064", "bd5353ab342bae1262b04745934cc1565df4cbc8d6a979a0c98f42209bd5c265", "bd73444efd1ac06dac27b8405bbe8791a02fd1bc8a2fa0e575257f90b7b57467", "bd932236a2ef91a75fee5d7f4ace80ab494c5a59cd092a67c9785ddb7fdc218c", "c45650de228ace7731e4280e14fb687f6d5c29cd666c5b22b42492b035e994d6", "d5c0c01da45f901a3d429e7ef9e7e22baa869e1affb8715f1bf94e6a30020740", "d75035db5bde802a29f4f29f18bb7548863d29ac90ccbf2c04c11799bbbba2c3", "dda88206dc9464923f27f601000bc5b152ac0bd6d0122f098d4f239150a70076", "e1c2ac5d0aa232c0f60fecc6bd1122346885086a176f939b91058c4c980cc226", "e626c65a8587921ebc7fb8d31a49addfdd0b9a9aa96315ea484c09803337b955"]
ipdb = ["7081c65ed7bfe7737f83fa4213ca8afd9617b42ff6b3f1daf9a3419839a2a00a"]
ipython = ["47b17ea874454a5c2eacc2732b04a750d260b01ba479323155ac8a39031f5535", "9fed506c3772c875a3048bc134a25e6f5e997b1569b2636f6a5d891f34cbfd46"]
ipython-genutils = ["72dd37233799e619666c9f639a9da83c34013a73e8bbc79a7a6348d93c61fab8", "eb2e116e75ecef9d4d228fdc66af54269afa26ab4463042e33785b887c628ba8"]
jedi = ["0191c447165f798e6a730285f2eee783fff81b0d3df261945ecb80983b5c3ca7", "b7493f73a2febe0dc33d51c99b474547f7f6c0b2c8fb2b21f453eef204c12148"]
mdtraj = ["cdd926f19c007955f0f768d36d696f3e77b4c8030289a2b40eb97a91cebacd0f"]
networkx = ["45e56f7ab6fe81652fb4bc9f44faddb0e9025f469f602df14e3b2551c2ea5c8b"]
numpy = ["1b1cf8f7300cf7b11ddb4250b3898c711a6187df05341b5b7153db23ffe5d498", "27a0d018f608a3fe34ac5e2b876f4c23c47e38295c47dd0775cc294cd2614bc1", "3fde172e28c899580d32dc21cb6d4a1225d62362f61050b654545c662eac215a", "497d7c86df4f85eb03b7f58a7dd0f8b948b1f582e77629341f624ba301b4d204", "4e28e66cf80c09a628ae680efeb0aa9a066eb4bb7db2a5669024c5b034891576", "58be95faf0ca2d886b5b337e7cba2923e3ad1224b806a91223ea39f1e0c77d03", "5b4dfb6551eaeaf532054e2c6ef4b19c449c2e3a709ebdde6392acb1372ecabc", "63f833a7c622e9082df3cbaf03b4fd92d7e0c11e2f9d87cb57dbf0e84441964b", "71bf3b7ca15b1967bba3a1ef6a8e87286382a8b5e46ac76b42a02fe787c5237d", "733dc5d47e71236263837825b69c975bc08728ae638452b34aeb1d6fa347b780", "82f00a1e2695a0e5b89879aa25ea614530b8ebdca6d49d4834843d498e8a5e92", "866bf72b9c3bfabe4476d866c70ee1714ad3e2f7b7048bb934892335e7b6b1f7", "8aeac8b08f4b8c52129518efcd93706bb6d506ccd17830b67d18d0227cf32d9e", "8d2cfb0aef7ec8759736cce26946efa084cdf49797712333539ef7d135e0295e", "981224224bbf44d95278eb37996162e8beb6f144d2719b144e86dfe2fce6c510", "981daff58fa3985a26daa4faa2b726c4e7a1d45178100125c0e1fdaf2ac64978", "9ad36dbfdbb0cba90a08e7343fadf86f43cf6d87450e8d2b5d71d7c7202907e4", "a251570bb3cb04f1627f23c234ad09af0e54fc8194e026cf46178f2e5748d647", "b5ff7dae352fd9e1edddad1348698e9fea14064460a7e39121ef9526745802e6", "c898f9cca806102fcacb6309899743aa39efb2ad2a302f4c319f54db9f05cd84", "cf4b970042ce148ad8dce4369c02a4078b382dadf20067ce2629c239d76460d1", "d1569013e8cc8f37e9769d19effdd85e404c976cd0ca28a94e3ddc026c216ae8", "dca261e85fe0d34b2c242ecb31c9ab693509af2cf955d9caf01ee3ef3669abd0", "ec8bf53ef7c92c99340972519adbe122e82c81d5b87cbd955c74ba8a8cd2a4ad", "f2e55726a9ee2e8129d6ce6abb466304868051bcc7a09d652b3b07cd86e801a2", "f4dee74f2626c783a3804df9191e9008946a104d5a284e52427a53ff576423cb", "f592fd7fe1f20b5041928cce1330937eca62f9058cb41e69c2c2d83cffc0d1e3", "ffab5b80bba8c86251291b8ce2e6c99a61446459d4c6637f5d5cc8c9ce37c972"]
pandas = ["11975fad9edbdb55f1a560d96f91830e83e29bed6ad5ebf506abda09818eaf60", "12e13d127ca1b585dd6f6840d3fe3fa6e46c36a6afe2dbc5cb0b57032c902e31", "1c87fcb201e1e06f66e23a61a5fea9eeebfe7204a66d99df24600e3f05168051", "242e9900de758e137304ad4b5663c2eff0d798c2c3b891250bd0bd97144579da", "26c903d0ae1542890cb9abadb4adcb18f356b14c2df46e4ff657ae640e3ac9e7", "2e1e88f9d3e5f107b65b59cd29f141995597b035d17cc5537e58142038942e1a", "31b7a48b344c14691a8e92765d4023f88902ba3e96e2e4d0364d3453cdfd50db", "4fd07a932b4352f8a8973761ab4e84f965bf81cc750fb38e04f01088ab901cb8", "5b24ca47acf69222e82530e89111dd9d14f9b970ab2cd3a1c2c78f0c4fbba4f4", "647b3b916cc8f6aeba240c8171be3ab799c3c1b2ea179a3be0bd2712c4237553", "66b060946046ca27c0e03e9bec9bba3e0b918bafff84c425ca2cc2e157ce121e", "6efa9fa6e1434141df8872d0fa4226fc301b17aacf37429193f9d70b426ea28f", "be4715c9d8367e51dbe6bc6d05e205b1ae234f0dc5465931014aa1c4af44c1ba", "bea90da782d8e945fccfc958585210d23de374fa9294a9481ed2abcef637ebfc", "d318d77ab96f66a59e792a481e2701fba879e1a453aefeebdb17444fe204d1ed", "d785fc08d6f4207437e900ffead930a61e634c5e4f980ba6d3dc03c9581748c7", "de9559287c4fe8da56e8c3878d2374abc19d1ba2b807bfa7553e912a8e5ba87c", "f4f98b190bb918ac0bc0e3dd2ab74ff3573da9f43106f6dba6385406912ec00f", "f71f1a7e2d03758f6e957896ed696254e2bc83110ddbc6942018f1a232dd9dad", "fb944c8f0b0ab5c1f7846c686bc4cdf8cde7224655c12edcd59d5212cd57bec0"]
parso = ["35704a43a3c113cce4de228ddb39aab374b8004f4f2407d070b6a2ca784ce8a2", "895c63e93b94ac1e1690f5fdd40b65f07c8171e3e53cbd7793b5b96c0e0a7f24"]
pexpect = ["2a8e88259839571d1251d278476f3eec5db26deb73a70be5ed5dc5435e418aba", "3fbd41d4caf27fa4a377bfd16fef87271099463e6fa73e92a52f92dfee5d425b"]
pickleshare = ["87683d47965c1da65cdacaf31c8441d12b8044cdec9aca500cd78fc2c683afca", "9649af414d74d4df115d5d718f82acb59c9d418196b7b4290ed47a12ce62df56"]
prompt-toolkit = ["5eff0c9fd652384ecfe730bbcdf3658868725c6928fbf608d9338834d7a974b6", "81da9ecf6ca6806a549697529af8ec3ac5b739c13ac14607218e650db1b53131", "c67c1c264d8a0d9e1070e9272bacee00f76c81daab7bc4bf09ff991bd1e224a7"]
ptyprocess = ["923f299cc5ad920c68f2bc0bc98b75b9f838b93b599941a6b63ddbc2476394c0", "d7cc528d76e76342423ca640335bd3633420dc1366f258cb31d05e865ef5ca1f"]
pygments = ["78f3f434bcc5d6ee09020f92ba487f95ba50f1e3ef83ae96b9d5ffa1bab25c5d", "dbae1046def0efb574852fab9e90209b23f556367b5a320c0bcb871c77c3e8cc"]
python-dateutil = ["1adb80e7a782c12e52ef9a8182bebeb73f1d7e24e374397af06fb4956c8dc5c0", "e27001de32f627c22380a688bcc43ce83504a7bc5da472209b4c70f02829f0b8"]
pytz = ["a061aa0a9e06881eb8b3b2b43f05b9439d6583c206d0a6c340ff72a7b6669053", "ffb9ef1de172603304d9d2819af6f5ece76f2e85ec10692a524dd876e72bf277"]
scipy = ["0611ee97296265af4a21164a5323f8c1b4e8e15c582d3dfa7610825900136bb7", "08237eda23fd8e4e54838258b124f1cd141379a5f281b0a234ca99b38918c07a", "0e645dbfc03f279e1946cf07c9c754c2a1859cb4a41c5f70b25f6b3a586b6dbd", "0e9bb7efe5f051ea7212555b290e784b82f21ffd0f655405ac4f87e288b730b3", "108c16640849e5827e7d51023efb3bd79244098c3f21e4897a1007720cb7ce37", "340ef70f5b0f4e2b4b43c8c8061165911bc6b2ad16f8de85d9774545e2c47463", "3ad73dfc6f82e494195144bd3a129c7241e761179b7cb5c07b9a0ede99c686f3", "3b243c77a822cd034dad53058d7c2abf80062aa6f4a32e9799c95d6391558631", "404a00314e85eca9d46b80929571b938e97a143b4f2ddc2b2b3c91a4c4ead9c5", "423b3ff76957d29d1cce1bc0d62ebaf9a3fdfaf62344e3fdec14619bb7b5ad3a", "42d9149a2fff7affdd352d157fa5717033767857c11bd55aa4a519a44343dfef", "625f25a6b7d795e8830cb70439453c9f163e6870e710ec99eba5722775b318f3", "698c6409da58686f2df3d6f815491fd5b4c2de6817a45379517c92366eea208f", "729f8f8363d32cebcb946de278324ab43d28096f36593be6281ca1ee86ce6559", "8190770146a4c8ed5d330d5b5ad1c76251c63349d25c96b3094875b930c44692", "878352408424dffaa695ffedf2f9f92844e116686923ed9aa8626fc30d32cfd1", "8b984f0821577d889f3c7ca8445564175fb4ac7c7f9659b7c60bef95b2b70e76", "8f841bbc21d3dad2111a94c490fb0a591b8612ffea86b8e5571746ae76a3deac", "c22b27371b3866c92796e5d7907e914f0e58a36d3222c5d436ddd3f0e354227a", "d0cdd5658b49a722783b8b4f61a6f1f9c75042d0e29a30ccb6cacc9b25f6d9e2", "d40dc7f494b06dcee0d303e51a00451b2da6119acbeaccf8369f2d29e28917ac", "d8491d4784aceb1f100ddb8e31239c54e4afab8d607928a9f7ef2469ec35ae01", "dfc5080c38dde3f43d8fbb9c0539a7839683475226cf83e4b24363b227dfe552", "e24e22c8d98d3c704bb3410bce9b69e122a8de487ad3dbfe9985d154e5c03a40", "e7a01e53163818d56eabddcafdc2090e9daba178aad05516b20c6591c4811020", "ee677635393414930541a096fc8e61634304bb0153e4e02b75685b11eba14cae", "f0521af1b722265d824d6ad055acfe9bd3341765735c44b5a4d0069e189a0f40", "f25c281f12c0da726c6ed00535ca5d1622ec755c30a3f8eafef26cf43fede694"]
simplegeneric = ["dc972e06094b9af5b855b3df4a646395e43d1c9d0d39ed345b7393560d0b9173"]
six = ["70e8a77beed4562e7f14fe23a786b54f6296e34344c23bc42f07b15018ff98e9", "832dc0e10feb1aa2c68dcc57dbb658f1c7e65b9b61af69048abc87a2db00a0eb"]
traitlets = ["9c4bd2d267b7153df9152698efb1050a5d84982d3384a37b2c1f7723ba3e7835", "c6cb5e6f57c5a9bdaa40fa71ce7b4af30298fbab9ece9815b5d995ab6217c7d9"]
wcwidth = ["3df37372226d6e63e1b1e1eda15c594bca98a22d33a23832a90998faa96bc65e", "f4ebe71925af7b40a864553f761ed559b43544f8f71746c2d756c7fe788ade7c"]
